
Microsoft Visual Studio Solution File, Format Version 12.00
# Visual Studio Version 17
VisualStudioVersion = 17.10.34707.107
MinimumVisualStudioVersion = 10.0.40219.1
Project("{FAE04EC0-301F-11D3-BF4B-00C04F79EFBC}") = "ReStore.API", "ReStore.API\ReStore.API.csproj", "{E2B033C1-AA9A-4FF7-AA3C-16293F7B68C2}"
EndProject
Global
	GlobalSection(SolutionConfigurationPlatforms) = preSolution
		Debug|Any CPU = Debug|Any CPU
		Release|Any CPU = Release|Any CPU
	EndGlobalSection
	GlobalSection(ProjectConfigurationPlatforms) = postSolution
		{E2B033C1-AA9A-4FF7-AA3C-16293F7B68C2}.Debug|Any CPU.ActiveCfg = Debug|Any CPU
		{E2B033C1-AA9A-4FF7-AA3C-16293F7B68C2}.Debug|Any CPU.Build.0 = Debug|Any CPU
		{E2B033C1-AA9A-4FF7-AA3C-16293F7B68C2}.Release|Any CPU.ActiveCfg = Release|Any CPU
		{E2B033C1-AA9A-4FF7-AA3C-16293F7B68C2}.Release|Any CPU.Build.0 = Release|Any CPU
	EndGlobalSection
	GlobalSection(SolutionProperties) = preSolution
		HideSolutionNode = FALSE
	EndGlobalSection
	GlobalSection(ExtensibilityGlobals) = postSolution
		SolutionGuid = {1DAFC3B9-5881-4942-9D63-869B0040FA19}
	EndGlobalSection
EndGlobal
